
Microsoft Visual Studio Solution File, Format Version 12.00
# Visual Studio Version 16
VisualStudioVersion = 16.0.30804.86
MinimumVisualStudioVersion = 10.0.40219.1
Project("{2150E333-8FDC-42A3-9474-1A3956D46DE8}") = "Src", "Src", "{A3A2649E-F661-4B0D-BB87-DB32F1262D96}"
EndProject
Project("{FAE04EC0-301F-11D3-BF4B-00C04F79EFBC}") = "MimeType", "MimeType\MimeType.csproj", "{87362B84-2765-43E7-B256-87B82A6DC840}"
EndProject
Project("{2150E333-8FDC-42A3-9474-1A3956D46DE8}") = "Test", "Test", "{5B840F3A-C74E-4483-9CD0-B2BC111D787F}"
EndProject
Project("{FAE04EC0-301F-11D3-BF4B-00C04F79EFBC}") = "MimeType.Test", "MimeType.Test\MimeType.Test.csproj", "{EA116FD1-A35D-4906-A707-082CCB0097CF}"
EndProject
Project("{2150E333-8FDC-42A3-9474-1A3956D46DE8}") = "Sample", "Sample", "{E55B8387-118D-40CF-BC81-C8C96EE0A6D0}"
EndProject
Project("{FAE04EC0-301F-11D3-BF4B-00C04F79EFBC}") = "MimeType.Sample", "MimeType.Sample\MimeType.Sample.csproj", "{A9B5EA68-4C08-4C6D-93B0-347711F6E35C}"
EndProject
Global
	GlobalSection(SolutionConfigurationPlatforms) = preSolution
		Debug|Any CPU = Debug|Any CPU
		Release|Any CPU = Release|Any CPU
	EndGlobalSection
	GlobalSection(ProjectConfigurationPlatforms) = postSolution
		{87362B84-2765-43E7-B256-87B82A6DC840}.Debug|Any CPU.ActiveCfg = Debug|Any CPU
		{87362B84-2765-43E7-B256-87B82A6DC840}.Debug|Any CPU.Build.0 = Debug|Any CPU
		{87362B84-2765-43E7-B256-87B82A6DC840}.Release|Any CPU.ActiveCfg = Release|Any CPU
		{87362B84-2765-43E7-B256-87B82A6DC840}.Release|Any CPU.Build.0 = Release|Any CPU
		{EA116FD1-A35D-4906-A707-082CCB0097CF}.Debug|Any CPU.ActiveCfg = Debug|Any CPU
		{EA116FD1-A35D-4906-A707-082CCB0097CF}.Debug|Any CPU.Build.0 = Debug|Any CPU
		{EA116FD1-A35D-4906-A707-082CCB0097CF}.Release|Any CPU.ActiveCfg = Release|Any CPU
		{EA116FD1-A35D-4906-A707-082CCB0097CF}.Release|Any CPU.Build.0 = Release|Any CPU
		{A9B5EA68-4C08-4C6D-93B0-347711F6E35C}.Debug|Any CPU.ActiveCfg = Debug|Any CPU
		{A9B5EA68-4C08-4C6D-93B0-347711F6E35C}.Debug|Any CPU.Build.0 = Debug|Any CPU
		{A9B5EA68-4C08-4C6D-93B0-347711F6E35C}.Release|Any CPU.ActiveCfg = Release|Any CPU
		{A9B5EA68-4C08-4C6D-93B0-347711F6E35C}.Release|Any CPU.Build.0 = Release|Any CPU
	EndGlobalSection
	GlobalSection(SolutionProperties) = preSolution
		HideSolutionNode = FALSE
	EndGlobalSection
	GlobalSection(NestedProjects) = preSolution
		{87362B84-2765-43E7-B256-87B82A6DC840} = {A3A2649E-F661-4B0D-BB87-DB32F1262D96}
		{EA116FD1-A35D-4906-A707-082CCB0097CF} = {5B840F3A-C74E-4483-9CD0-B2BC111D787F}
		{A9B5EA68-4C08-4C6D-93B0-347711F6E35C} = {E55B8387-118D-40CF-BC81-C8C96EE0A6D0}
	EndGlobalSection
	GlobalSection(ExtensibilityGlobals) = postSolution
		SolutionGuid = {A6149F46-7197-47E6-935A-A2FA0977258A}
	EndGlobalSection
EndGlobal
